
Microsoft Visual Studio Solution File, Format Version 12.00
# Visual Studio Version 17
VisualStudioVersion = 17.10.34928.147
MinimumVisualStudioVersion = 10.0.40219.1
Project("{FAE04EC0-301F-11D3-BF4B-00C04F79EFBC}") = "QuizMaster-Challenge", "QuizMaster-Challenge\QuizMaster-Challenge.csproj", "{8C57D29C-AC62-43B9-94DD-10AF4FC239BF}"
EndProject
Global
	GlobalSection(SolutionConfigurationPlatforms) = preSolution
		Debug|Any CPU = Debug|Any CPU
		Release|Any CPU = Release|Any CPU
	EndGlobalSection
	GlobalSection(ProjectConfigurationPlatforms) = postSolution
		{8C57D29C-AC62-43B9-94DD-10AF4FC239BF}.Debug|Any CPU.ActiveCfg = Debug|Any CPU
		{8C57D29C-AC62-43B9-94DD-10AF4FC239BF}.Debug|Any CPU.Build.0 = Debug|Any CPU
		{8C57D29C-AC62-43B9-94DD-10AF4FC239BF}.Release|Any CPU.ActiveCfg = Release|Any CPU
		{8C57D29C-AC62-43B9-94DD-10AF4FC239BF}.Release|Any CPU.Build.0 = Release|Any CPU
	EndGlobalSection
	GlobalSection(SolutionProperties) = preSolution
		HideSolutionNode = FALSE
	EndGlobalSection
	GlobalSection(ExtensibilityGlobals) = postSolution
		SolutionGuid = {8C7412D2-0F8A-4DEB-B1D7-13F1B2693D49}
	EndGlobalSection
EndGlobal
